
Microsoft Visual Studio Solution File, Format Version 12.00
# Visual Studio 15
VisualStudioVersion = 15.0.27428.2015
MinimumVisualStudioVersion = 10.0.40219.1
Project("{FAE04EC0-301F-11D3-BF4B-00C04F79EFBC}") = "mfcallahan.com", "mfcallahan.com\mfcallahan.com.csproj", "{C6D3BE91-2661-403C-9F31-6CAF76B33A43}"
EndProject
Project("{FAE04EC0-301F-11D3-BF4B-00C04F79EFBC}") = "mfcallahan.com.Tests", "mfcallahan.com.Tests\mfcallahan.com.Tests.csproj", "{167C422B-CD81-457E-AB65-33527FD8B13D}"
EndProject
Global
	GlobalSection(SolutionConfigurationPlatforms) = preSolution
		Debug|Any CPU = Debug|Any CPU
		Release|Any CPU = Release|Any CPU
	EndGlobalSection
	GlobalSection(ProjectConfigurationPlatforms) = postSolution
		{C6D3BE91-2661-403C-9F31-6CAF76B33A43}.Debug|Any CPU.ActiveCfg = Debug|Any CPU
		{C6D3BE91-2661-403C-9F31-6CAF76B33A43}.Debug|Any CPU.Build.0 = Debug|Any CPU
		{C6D3BE91-2661-403C-9F31-6CAF76B33A43}.Release|Any CPU.ActiveCfg = Release|Any CPU
		{C6D3BE91-2661-403C-9F31-6CAF76B33A43}.Release|Any CPU.Build.0 = Release|Any CPU
		{167C422B-CD81-457E-AB65-33527FD8B13D}.Debug|Any CPU.ActiveCfg = Debug|Any CPU
		{167C422B-CD81-457E-AB65-33527FD8B13D}.Debug|Any CPU.Build.0 = Debug|Any CPU
		{167C422B-CD81-457E-AB65-33527FD8B13D}.Release|Any CPU.ActiveCfg = Release|Any CPU
		{167C422B-CD81-457E-AB65-33527FD8B13D}.Release|Any CPU.Build.0 = Release|Any CPU
	EndGlobalSection
	GlobalSection(SolutionProperties) = preSolution
		HideSolutionNode = FALSE
	EndGlobalSection
	GlobalSection(ExtensibilityGlobals) = postSolution
		SolutionGuid = {623FEC91-EA07-4EFF-BA18-57727ECC72F7}
	EndGlobalSection
EndGlobal
